
Microsoft Visual Studio Solution File, Format Version 12.00
# Visual Studio Version 17
VisualStudioVersion = 17.7.34024.191
MinimumVisualStudioVersion = 10.0.40219.1
Project("{8BC9CEB8-8B4A-11D0-8D11-00A0C91BC942}") = "5.5", "5.5\5.5.vcxproj", "{20DF0A2A-A05D-4EE0-823E-68D3965E966C}"
EndProject
Global
	GlobalSection(SolutionConfigurationPlatforms) = preSolution
		Debug|x64 = Debug|x64
		Debug|x86 = Debug|x86
		Release|x64 = Release|x64
		Release|x86 = Release|x86
	EndGlobalSection
	GlobalSection(ProjectConfigurationPlatforms) = postSolution
		{20DF0A2A-A05D-4EE0-823E-68D3965E966C}.Debug|x64.ActiveCfg = Debug|x64
		{20DF0A2A-A05D-4EE0-823E-68D3965E966C}.Debug|x64.Build.0 = Debug|x64
		{20DF0A2A-A05D-4EE0-823E-68D3965E966C}.Debug|x86.ActiveCfg = Debug|Win32
		{20DF0A2A-A05D-4EE0-823E-68D3965E966C}.Debug|x86.Build.0 = Debug|Win32
		{20DF0A2A-A05D-4EE0-823E-68D3965E966C}.Release|x64.ActiveCfg = Release|x64
		{20DF0A2A-A05D-4EE0-823E-68D3965E966C}.Release|x64.Build.0 = Release|x64
		{20DF0A2A-A05D-4EE0-823E-68D3965E966C}.Release|x86.ActiveCfg = Release|Win32
		{20DF0A2A-A05D-4EE0-823E-68D3965E966C}.Release|x86.Build.0 = Release|Win32
	EndGlobalSection
	GlobalSection(SolutionProperties) = preSolution
		HideSolutionNode = FALSE
	EndGlobalSection
	GlobalSection(ExtensibilityGlobals) = postSolution
		SolutionGuid = {8018DF4F-4328-4E94-BFEB-3B4439FC4708}
	EndGlobalSection
EndGlobal
